
Microsoft Visual Studio Solution File, Format Version 12.00
# Visual Studio Version 16
VisualStudioVersion = 16.0.30907.101
MinimumVisualStudioVersion = 10.0.40219.1
Project("{9A19103F-16F7-4668-BE54-9A1E7A4F7556}") = "ServicesApi", "ServicesApi\ServicesApi.csproj", "{FDED9EC3-85BF-4D54-BF1D-37FE57B73393}"
EndProject
Global
	GlobalSection(SolutionConfigurationPlatforms) = preSolution
		Debug|Any CPU = Debug|Any CPU
		Release|Any CPU = Release|Any CPU
	EndGlobalSection
	GlobalSection(ProjectConfigurationPlatforms) = postSolution
		{FDED9EC3-85BF-4D54-BF1D-37FE57B73393}.Debug|Any CPU.ActiveCfg = Debug|Any CPU
		{FDED9EC3-85BF-4D54-BF1D-37FE57B73393}.Debug|Any CPU.Build.0 = Debug|Any CPU
		{FDED9EC3-85BF-4D54-BF1D-37FE57B73393}.Release|Any CPU.ActiveCfg = Release|Any CPU
		{FDED9EC3-85BF-4D54-BF1D-37FE57B73393}.Release|Any CPU.Build.0 = Release|Any CPU
	EndGlobalSection
	GlobalSection(SolutionProperties) = preSolution
		HideSolutionNode = FALSE
	EndGlobalSection
	GlobalSection(ExtensibilityGlobals) = postSolution
		SolutionGuid = {3BC944CA-11A5-4D84-8CCC-2C1793022654}
	EndGlobalSection
EndGlobal
